// !$*UTF8*$!
{
	archiveVersion = 1;
	classes = {
	};
	objectVersion = 50;
	objects = {

/* Begin PBXBuildFile section */
		C6512E862399B7EA00B65187 /* minqueue.c in Sources */ = {isa = PBXBuildFile; fileRef = C6512E852399B7EA00B65187 /* minqueue.c */; };
		C6D1578F2397028F00E9ACBB /* main.cpp in Sources */ = {isa = PBXBuildFile; fileRef = C6D1578E2397028F00E9ACBB /* main.cpp */; };
		C6D1579C239702E700E9ACBB /* main.cpp in Sources */ = {isa = PBXBuildFile; fileRef = C6D1579B239702E700E9ACBB /* main.cpp */; };
		C6D157A32397034100E9ACBB /* t1.cpp in Sources */ = {isa = PBXBuildFile; fileRef = C6D157A12397034100E9ACBB /* t1.cpp */; };
/* End PBXBuildFile section */

/* Begin PBXCopyFilesBuildPhase section */
		C6D157892397028F00E9ACBB /* CopyFiles */ = {
			isa = PBXCopyFilesBuildPhase;
			buildActionMask = 2147483647;
			dstPath = /usr/share/man/man1/;
			dstSubfolderSpec = 0;
			files = (
			);
			runOnlyForDeploymentPostprocessing = 1;
		};
		C6D15797239702E700E9ACBB /* CopyFiles */ = {
			isa = PBXCopyFilesBuildPhase;
			buildActionMask = 2147483647;
			dstPath = /usr/share/man/man1/;
			dstSubfolderSpec = 0;
			files = (
			);
			runOnlyForDeploymentPostprocessing = 1;
		};
/* End PBXCopyFilesBuildPhase section */

/* Begin PBXFileReference section */
		C6512E852399B7EA00B65187 /* minqueue.c */ = {isa = PBXFileReference; lastKnownFileType = sourcecode.c.c; path = minqueue.c; sourceTree = "<group>"; };
		C6D1578B2397028F00E9ACBB /* CS 251 Project 7 Heap */ = {isa = PBXFileReference; explicitFileType = "compiled.mach-o.executable"; includeInIndex = 0; path = "CS 251 Project 7 Heap"; sourceTree = BUILT_PRODUCTS_DIR; };
		C6D1578E2397028F00E9ACBB /* main.cpp */ = {isa = PBXFileReference; lastKnownFileType = sourcecode.cpp.cpp; path = main.cpp; sourceTree = "<group>"; };
		C6D15799239702E700E9ACBB /* Test */ = {isa = PBXFileReference; explicitFileType = "compiled.mach-o.executable"; includeInIndex = 0; path = Test; sourceTree = BUILT_PRODUCTS_DIR; };
		C6D1579B239702E700E9ACBB /* main.cpp */ = {isa = PBXFileReference; lastKnownFileType = sourcecode.cpp.cpp; path = main.cpp; sourceTree = "<group>"; };
		C6D157A02397032400E9ACBB /* catch.hpp */ = {isa = PBXFileReference; fileEncoding = 4; lastKnownFileType = sourcecode.cpp.h; name = catch.hpp; path = "../../CS 251 Proj 3 AVL Trees/AVL Trees Tests/catch.hpp"; sourceTree = "<group>"; };
		C6D157A12397034100E9ACBB /* t1.cpp */ = {isa = PBXFileReference; lastKnownFileType = sourcecode.cpp.cpp; path = t1.cpp; sourceTree = "<group>"; };
		C6D157A5239703B200E9ACBB /* minqueue.h */ = {isa = PBXFileReference; lastKnownFileType = sourcecode.c.h; path = minqueue.h; sourceTree = "<group>"; };
/* End PBXFileReference section */

/* Begin PBXFrameworksBuildPhase section */
		C6D157882397028F00E9ACBB /* Frameworks */ = {
			isa = PBXFrameworksBuildPhase;
			buildActionMask = 2147483647;
			files = (
			);
			runOnlyForDeploymentPostprocessing = 0;
		};
		C6D15796239702E700E9ACBB /* Frameworks */ = {
			isa = PBXFrameworksBuildPhase;
			buildActionMask = 2147483647;
			files = (
			);
			runOnlyForDeploymentPostprocessing = 0;
		};
/* End PBXFrameworksBuildPhase section */

/* Begin PBXGroup section */
		C6D157822397028F00E9ACBB = {
			isa = PBXGroup;
			children = (
				C6D1578D2397028F00E9ACBB /* CS 251 Project 7 Heap */,
				C6D1579A239702E700E9ACBB /* Test */,
				C6D1578C2397028F00E9ACBB /* Products */,
			);
			sourceTree = "<group>";
		};
		C6D1578C2397028F00E9ACBB /* Products */ = {
			isa = PBXGroup;
			children = (
				C6D1578B2397028F00E9ACBB /* CS 251 Project 7 Heap */,
				C6D15799239702E700E9ACBB /* Test */,
			);
			name = Products;
			sourceTree = "<group>";
		};
		C6D1578D2397028F00E9ACBB /* CS 251 Project 7 Heap */ = {
			isa = PBXGroup;
			children = (
				C6D157A5239703B200E9ACBB /* minqueue.h */,
				C6512E852399B7EA00B65187 /* minqueue.c */,
				C6D1578E2397028F00E9ACBB /* main.cpp */,
			);
			path = "CS 251 Project 7 Heap";
			sourceTree = "<group>";
		};
		C6D1579A239702E700E9ACBB /* Test */ = {
			isa = PBXGroup;
			children = (
				C6D157A02397032400E9ACBB /* catch.hpp */,
				C6D1579B239702E700E9ACBB /* main.cpp */,
				C6D157A12397034100E9ACBB /* t1.cpp */,
			);
			path = Test;
			sourceTree = "<group>";
		};
/* End PBXGroup section */

/* Begin PBXNativeTarget section */
		C6D1578A2397028F00E9ACBB /* CS 251 Project 7 Heap */ = {
			isa = PBXNativeTarget;
			buildConfigurationList = C6D157922397028F00E9ACBB /* Build configuration list for PBXNativeTarget "CS 251 Project 7 Heap" */;
			buildPhases = (
				C6D157872397028F00E9ACBB /* Sources */,
				C6D157882397028F00E9ACBB /* Frameworks */,
				C6D157892397028F00E9ACBB /* CopyFiles */,
			);
			buildRules = (
			);
			dependencies = (
			);
			name = "CS 251 Project 7 Heap";
			productName = "CS 251 Project 7 Heap";
			productReference = C6D1578B2397028F00E9ACBB /* CS 251 Project 7 Heap */;
			productType = "com.apple.product-type.tool";
		};
		C6D15798239702E700E9ACBB /* Test */ = {
			isa = PBXNativeTarget;
			buildConfigurationList = C6D1579D239702E700E9ACBB /* Build configuration list for PBXNativeTarget "Test" */;
			buildPhases = (
				C6D15795239702E700E9ACBB /* Sources */,
				C6D15796239702E700E9ACBB /* Frameworks */,
				C6D15797239702E700E9ACBB /* CopyFiles */,
			);
			buildRules = (
			);
			dependencies = (
			);
			name = Test;
			productName = Test;
			productReference = C6D15799239702E700E9ACBB /* Test */;
			productType = "com.apple.product-type.tool";
		};
/* End PBXNativeTarget section */

/* Begin PBXProject section */
		C6D157832397028F00E9ACBB /* Project object */ = {
			isa = PBXProject;
			attributes = {
				LastUpgradeCheck = 1120;
				ORGANIZATIONNAME = "Viktor Kirillov";
				TargetAttributes = {
					C6D1578A2397028F00E9ACBB = {
						CreatedOnToolsVersion = 11.2.1;
					};
					C6D15798239702E700E9ACBB = {
						CreatedOnToolsVersion = 11.2.1;
					};
				};
			};
			buildConfigurationList = C6D157862397028F00E9ACBB /* Build configuration list for PBXProject "CS 251 Project 7 Heap" */;
			compatibilityVersion = "Xcode 9.3";
			developmentRegion = en;
			hasScannedForEncodings = 0;
			knownRegions = (
				en,
				Base,
			);
			mainGroup = C6D157822397028F00E9ACBB;
			productRefGroup = C6D1578C2397028F00E9ACBB /* Products */;
			projectDirPath = "";
			projectRoot = "";
			targets = (
				C6D1578A2397028F00E9ACBB /* CS 251 Project 7 Heap */,
				C6D15798239702E700E9ACBB /* Test */,
			);
		};
/* End PBXProject section */

/* Begin PBXSourcesBuildPhase section */
		C6D157872397028F00E9ACBB /* Sources */ = {
			isa = PBXSourcesBuildPhase;
			buildActionMask = 2147483647;
			files = (
				C6512E862399B7EA00B65187 /* minqueue.c in Sources */,
				C6D1578F2397028F00E9ACBB /* main.cpp in Sources */,
			);
			runOnlyForDeploymentPostprocessing = 0;
		};
		C6D15795239702E700E9ACBB /* Sources */ = {
			isa = PBXSourcesBuildPhase;
			buildActionMask = 2147483647;
			files = (
				C6D157A32397034100E9ACBB /* t1.cpp in Sources */,
				C6D1579C239702E700E9ACBB /* main.cpp in Sources */,
			);
			runOnlyForDeploymentPostprocessing = 0;
		};
/* End PBXSourcesBuildPhase section */

/* Begin XCBuildConfiguration section */
		C6D157902397028F00E9ACBB /* Debug */ = {
			isa = XCBuildConfiguration;
			buildSettings = {
				ALWAYS_SEARCH_USER_PATHS = NO;
				CLANG_ANALYZER_NONNULL = YES;
				CLANG_ANALYZER_NUMBER_OBJECT_CONVERSION = YES_AGGRESSIVE;
				CLANG_CXX_LANGUAGE_STANDARD = "gnu++14";
				CLANG_CXX_LIBRARY = "libc++";
				CLANG_ENABLE_MODULES = YES;
				CLANG_ENABLE_OBJC_ARC = YES;
				CLANG_ENABLE_OBJC_WEAK = YES;
				CLANG_WARN_BLOCK_CAPTURE_AUTORELEASING = YES;
				CLANG_WARN_BOOL_CONVERSION = YES;
				CLANG_WARN_COMMA = YES;
				CLANG_WARN_CONSTANT_CONVERSION = YES;
				CLANG_WARN_DEPRECATED_OBJC_IMPLEMENTATIONS = YES;
				CLANG_WARN_DIRECT_OBJC_ISA_USAGE = YES_ERROR;
				CLANG_WARN_DOCUMENTATION_COMMENTS = YES;
				CLANG_WARN_EMPTY_BODY = YES;
				CLANG_WARN_ENUM_CONVERSION = YES;
				CLANG_WARN_INFINITE_RECURSION = YES;
				CLANG_WARN_INT_CONVERSION = YES;
				CLANG_WARN_NON_LITERAL_NULL_CONVERSION = YES;
				CLANG_WARN_OBJC_IMPLICIT_RETAIN_SELF = YES;
				CLANG_WARN_OBJC_LITERAL_CONVERSION = YES;
				CLANG_WARN_OBJC_ROOT_CLASS = YES_ERROR;
				CLANG_WARN_RANGE_LOOP_ANALYSIS = YES;
				CLANG_WARN_STRICT_PROTOTYPES = YES;
				CLANG_WARN_SUSPICIOUS_MOVE = YES;
				CLANG_WARN_UNGUARDED_AVAILABILITY = YES_AGGRESSIVE;
				CLANG_WARN_UNREACHABLE_CODE = YES;
				CLANG_WARN__DUPLICATE_METHOD_MATCH = YES;
				COPY_PHASE_STRIP = NO;
				DEBUG_INFORMATION_FORMAT = dwarf;
				ENABLE_STRICT_OBJC_MSGSEND = YES;
				ENABLE_TESTABILITY = YES;
				GCC_C_LANGUAGE_STANDARD = gnu11;
				GCC_DYNAMIC_NO_PIC = NO;
				GCC_NO_COMMON_BLOCKS = YES;
				GCC_OPTIMIZATION_LEVEL = 0;
				GCC_PREPROCESSOR_DEFINITIONS = (
					"DEBUG=1",
					"$(inherited)",
				);
				GCC_WARN_64_TO_32_BIT_CONVERSION = YES;
				GCC_WARN_ABOUT_RETURN_TYPE = YES_ERROR;
				GCC_WARN_UNDECLARED_SELECTOR = YES;
				GCC_WARN_UNINITIALIZED_AUTOS = YES_AGGRESSIVE;
				GCC_WARN_UNUSED_FUNCTION = YES;
				GCC_WARN_UNUSED_VARIABLE = YES;
				MACOSX_DEPLOYMENT_TARGET = 10.15;
				MTL_ENABLE_DEBUG_INFO = INCLUDE_SOURCE;
				MTL_FAST_MATH = YES;
				ONLY_ACTIVE_ARCH = YES;
				SDKROOT = macosx;
			};
			name = Debug;
		};
		C6D157912397028F00E9ACBB /* Release */ = {
			isa = XCBuildConfiguration;
			buildSettings = {
				ALWAYS_SEARCH_USER_PATHS = NO;
				CLANG_ANALYZER_NONNULL = YES;
				CLANG_ANALYZER_NUMBER_OBJECT_CONVERSION = YES_AGGRESSIVE;
				CLANG_CXX_LANGUAGE_STANDARD = "gnu++14";
				CLANG_CXX_LIBRARY = "libc++";
				CLANG_ENABLE_MODULES = YES;
				CLANG_ENABLE_OBJC_ARC = YES;
				CLANG_ENABLE_OBJC_WEAK = YES;
				CLANG_WARN_BLOCK_CAPTURE_AUTORELEASING = YES;
				CLANG_WARN_BOOL_CONVERSION = YES;
				CLANG_WARN_COMMA = YES;
				CLANG_WARN_CONSTANT_CONVERSION = YES;
				CLANG_WARN_DEPRECATED_OBJC_IMPLEMENTATIONS = YES;
				CLANG_WARN_DIRECT_OBJC_ISA_USAGE = YES_ERROR;
				CLANG_WARN_DOCUMENTATION_COMMENTS = YES;
				CLANG_WARN_EMPTY_BODY = YES;
				CLANG_WARN_ENUM_CONVERSION = YES;
				CLANG_WARN_INFINITE_RECURSION = YES;
				CLANG_WARN_INT_CONVERSION = YES;
				CLANG_WARN_NON_LITERAL_NULL_CONVERSION = YES;
				CLANG_WARN_OBJC_IMPLICIT_RETAIN_SELF = YES;
				CLANG_WARN_OBJC_LITERAL_CONVERSION = YES;
				CLANG_WARN_OBJC_ROOT_CLASS = YES_ERROR;
				CLANG_WARN_RANGE_LOOP_ANALYSIS = YES;
				CLANG_WARN_STRICT_PROTOTYPES = YES;
				CLANG_WARN_SUSPICIOUS_MOVE = YES;
				CLANG_WARN_UNGUARDED_AVAILABILITY = YES_AGGRESSIVE;
				CLANG_WARN_UNREACHABLE_CODE = YES;
				CLANG_WARN__DUPLICATE_METHOD_MATCH = YES;
				COPY_PHASE_STRIP = NO;
				DEBUG_INFORMATION_FORMAT = "dwarf-with-dsym";
				ENABLE_NS_ASSERTIONS = NO;
				ENABLE_STRICT_OBJC_MSGSEND = YES;
				GCC_C_LANGUAGE_STANDARD = gnu11;
				GCC_NO_COMMON_BLOCKS = YES;
				GCC_WARN_64_TO_32_BIT_CONVERSION = YES;
				GCC_WARN_ABOUT_RETURN_TYPE = YES_ERROR;
				GCC_WARN_UNDECLARED_SELECTOR = YES;
				GCC_WARN_UNINITIALIZED_AUTOS = YES_AGGRESSIVE;
				GCC_WARN_UNUSED_FUNCTION = YES;
				GCC_WARN_UNUSED_VARIABLE = YES;
				MACOSX_DEPLOYMENT_TARGET = 10.15;
				MTL_ENABLE_DEBUG_INFO = NO;
				MTL_FAST_MATH = YES;
				SDKROOT = macosx;
			};
			name = Release;
		};
		C6D157932397028F00E9ACBB /* Debug */ = {
			isa = XCBuildConfiguration;
			buildSettings = {
				CODE_SIGN_STYLE = Automatic;
				DEVELOPMENT_TEAM = 8L53A7B5K6;
				ENABLE_HARDENED_RUNTIME = YES;
				PRODUCT_NAME = "$(TARGET_NAME)";
			};
			name = Debug;
		};
		C6D157942397028F00E9ACBB /* Release */ = {
			isa = XCBuildConfiguration;
			buildSettings = {
				CODE_SIGN_STYLE = Automatic;
				DEVELOPMENT_TEAM = 8L53A7B5K6;
				ENABLE_HARDENED_RUNTIME = YES;
				PRODUCT_NAME = "$(TARGET_NAME)";
			};
			name = Release;
		};
		C6D1579E239702E700E9ACBB /* Debug */ = {
			isa = XCBuildConfiguration;
			buildSettings = {
				CODE_SIGN_STYLE = Automatic;
				DEVELOPMENT_TEAM = 8L53A7B5K6;
				ENABLE_HARDENED_RUNTIME = YES;
				PRODUCT_NAME = "$(TARGET_NAME)";
			};
			name = Debug;
		};
		C6D1579F239702E700E9ACBB /* Release */ = {
			isa = XCBuildConfiguration;
			buildSettings = {
				CODE_SIGN_STYLE = Automatic;
				DEVELOPMENT_TEAM = 8L53A7B5K6;
				ENABLE_HARDENED_RUNTIME = YES;
				PRODUCT_NAME = "$(TARGET_NAME)";
			};
			name = Release;
		};
/* End XCBuildConfiguration section */

/* Begin XCConfigurationList section */
		C6D157862397028F00E9ACBB /* Build configuration list for PBXProject "CS 251 Project 7 Heap" */ = {
			isa = XCConfigurationList;
			buildConfigurations = (
				C6D157902397028F00E9ACBB /* Debug */,
				C6D157912397028F00E9ACBB /* Release */,
			);
			defaultConfigurationIsVisible = 0;
			defaultConfigurationName = Release;
		};
		C6D157922397028F00E9ACBB /* Build configuration list for PBXNativeTarget "CS 251 Project 7 Heap" */ = {
			isa = XCConfigurationList;
			buildConfigurations = (
				C6D157932397028F00E9ACBB /* Debug */,
				C6D157942397028F00E9ACBB /* Release */,
			);
			defaultConfigurationIsVisible = 0;
			defaultConfigurationName = Release;
		};
		C6D1579D239702E700E9ACBB /* Build configuration list for PBXNativeTarget "Test" */ = {
			isa = XCConfigurationList;
			buildConfigurations = (
				C6D1579E239702E700E9ACBB /* Debug */,
				C6D1579F239702E700E9ACBB /* Release */,
			);
			defaultConfigurationIsVisible = 0;
			defaultConfigurationName = Release;
		};
/* End XCConfigurationList section */
	};
	rootObject = C6D157832397028F00E9ACBB /* Project object */;
}
